
Microsoft Visual Studio Solution File, Format Version 12.00
# Visual Studio 15
VisualStudioVersion = 15.0.26430.15
MinimumVisualStudioVersion = 10.0.40219.1
Project("{9A19103F-16F7-4668-BE54-9A1E7A4F7556}") = "itext.io.netstandard", "itext\itext.io\itext.io.csproj", "{4C4C74D4-00E2-43A4-9D7A-54352096DE32}"
EndProject
Project("{9A19103F-16F7-4668-BE54-9A1E7A4F7556}") = "itext.pdftest.netstandard", "itext\itext.pdftest\itext.pdftest.csproj", "{9BE8BB63-8A73-4348-9387-F47377B9F1BF}"
EndProject
Project("{9A19103F-16F7-4668-BE54-9A1E7A4F7556}") = "itext.io.tests.netstandard", "itext.tests\itext.io.tests\itext.io.tests.csproj", "{DC025E65-67E8-47BD-B135-1B71C05EE35E}"
EndProject
Project("{9A19103F-16F7-4668-BE54-9A1E7A4F7556}") = "itext.kernel.netstandard", "itext\itext.kernel\itext.kernel.csproj", "{76166842-A194-43B3-B5C0-4C78B845DABA}"
EndProject
Project("{9A19103F-16F7-4668-BE54-9A1E7A4F7556}") = "itext.kernel.tests.netstandard", "itext.tests\itext.kernel.tests\itext.kernel.tests.csproj", "{9EB233B4-5821-49DC-959E-F7BBA3D6DEB0}"
EndProject
Project("{9A19103F-16F7-4668-BE54-9A1E7A4F7556}") = "itext.layout.netstandard", "itext\itext.layout\itext.layout.csproj", "{7CACC13D-D87F-4AE3-9B07-6B94F1798AE8}"
EndProject
Project("{9A19103F-16F7-4668-BE54-9A1E7A4F7556}") = "itext.pdfa.netstandard", "itext\itext.pdfa\itext.pdfa.csproj", "{6BF0A6C3-8982-4507-B704-C0878243B322}"
EndProject
Project("{9A19103F-16F7-4668-BE54-9A1E7A4F7556}") = "itext.forms.netstandard", "itext\itext.forms\itext.forms.csproj", "{22FE2361-9580-43BC-98A7-608CFCAE4E8F}"
EndProject
Project("{9A19103F-16F7-4668-BE54-9A1E7A4F7556}") = "itext.barcodes.netstandard", "itext\itext.barcodes\itext.barcodes.csproj", "{ED4A03D3-DFC7-4760-9066-D01D4134627D}"
EndProject
Project("{9A19103F-16F7-4668-BE54-9A1E7A4F7556}") = "itext.font-asian.netstandard", "itext\itext.font-asian\itext.font-asian.csproj", "{C3D759CE-C105-4566-A125-FBD77CFC7A82}"
EndProject
Project("{9A19103F-16F7-4668-BE54-9A1E7A4F7556}") = "itext.hyph.netstandard", "itext\itext.hyph\itext.hyph.csproj", "{9AB67CFB-6695-4769-8E21-9BA0A12BD67C}"
EndProject
Project("{9A19103F-16F7-4668-BE54-9A1E7A4F7556}") = "itext.sign.netstandard", "itext\itext.sign\itext.sign.csproj", "{F284CE2A-821F-4B04-8CE3-558DAC5F8674}"
EndProject
Project("{9A19103F-16F7-4668-BE54-9A1E7A4F7556}") = "itext.barcodes.tests.netstandard", "itext.tests\itext.barcodes.tests\itext.barcodes.tests.csproj", "{4BB4B5FD-1EE1-4558-B126-E9E18BC45876}"
EndProject
Project("{9A19103F-16F7-4668-BE54-9A1E7A4F7556}") = "itext.forms.tests.netstandard", "itext.tests\itext.forms.tests\itext.forms.tests.csproj", "{732D6882-40DF-41CB-8A18-ED43D4757177}"
EndProject
Project("{9A19103F-16F7-4668-BE54-9A1E7A4F7556}") = "itext.layout.tests.netstandard", "itext.tests\itext.layout.tests\itext.layout.tests.csproj", "{620C13EC-D9B8-4F49-B536-5DD7E08B3984}"
EndProject
Project("{9A19103F-16F7-4668-BE54-9A1E7A4F7556}") = "itext.pdfa.tests.netstandard", "itext.tests\itext.pdfa.tests\itext.pdfa.tests.csproj", "{BA6474C1-E64B-4522-8D8B-A7AE10D2ED86}"
EndProject
Project("{9A19103F-16F7-4668-BE54-9A1E7A4F7556}") = "itext.sign.tests.netstandard", "itext.tests\itext.sign.tests\itext.sign.tests.csproj", "{22C91DB4-51CD-4339-B904-E5FE38B271CD}"
EndProject
Project("{9A19103F-16F7-4668-BE54-9A1E7A4F7556}") = "itext.styledxmlparser.netstandard", "itext\itext.styledxmlparser\itext.styledxmlparser.csproj", "{6894C148-5379-4D63-AC21-D67BD04AA064}"
EndProject
Project("{9A19103F-16F7-4668-BE54-9A1E7A4F7556}") = "itext.styledxmlparser.tests.netstandard", "itext.tests\itext.styledxmlparser.tests\itext.styledxmlparser.tests.csproj", "{2785E385-0940-4023-9868-8CDD25998176}"
EndProject
Project("{9A19103F-16F7-4668-BE54-9A1E7A4F7556}") = "itext.svg.netstandard", "itext\itext.svg\itext.svg.csproj", "{8D69BA6B-D165-45C1-B144-F187B72850B9}"
EndProject
Project("{9A19103F-16F7-4668-BE54-9A1E7A4F7556}") = "itext.svg.tests.netstandard", "itext.tests\itext.svg.tests\itext.svg.tests.csproj", "{9F61F451-EC4F-4D1A-B339-CEDD5FA4257C}"
EndProject
Project("{FAE04EC0-301F-11D3-BF4B-00C04F79EFBC}") = "itext.pdftest.tests.netstandard", "itext.tests\itext.pdftest.tests\itext.pdftest.tests.csproj", "{46C393D2-BFAB-473A-AF06-E5FB586493FD}"
EndProject
Project("{FAE04EC0-301F-11D3-BF4B-00C04F79EFBC}") = "itext.commons.netstandard", "itext\itext.commons\itext.commons.csproj", "{6DBE9C11-7C0D-4039-B8B1-01AC743D5309}"
EndProject
Project("{FAE04EC0-301F-11D3-BF4B-00C04F79EFBC}") = "itext.commons.tests.netstandard", "itext.tests\itext.commons.tests\itext.commons.tests.csproj", "{726AEDB2-0B0D-45B8-A744-BFFEE36A187E}"
EndProject
Project("{FAE04EC0-301F-11D3-BF4B-00C04F79EFBC}") = "itext.bouncy-castle-adapter.netstandard", "itext\itext.bouncy-castle-adapter\itext.bouncy-castle-adapter.csproj", "{3A5D9DAC-A654-4542-8114-1D5B2F153D69}"
EndProject
Project("{FAE04EC0-301F-11D3-BF4B-00C04F79EFBC}") = "itext.bouncy-castle-fips-adapter.netstandard", "itext\itext.bouncy-castle-fips-adapter\itext.bouncy-castle-fips-adapter.csproj", "{3B634E19-5522-4907-8EE4-3FB017A4FC86}"
EndProject
Project("{FAE04EC0-301F-11D3-BF4B-00C04F79EFBC}") = "itext.bouncy-castle-connector.netstandard", "itext\itext.bouncy-castle-connector\itext.bouncy-castle-connector.csproj", "{C68E3329-A2E4-4B33-BADE-0521B8E832AD}"
EndProject
Global
	GlobalSection(SolutionConfigurationPlatforms) = preSolution
		Debug|Any CPU = Debug|Any CPU
		Debug|x64 = Debug|x64
		Debug|x86 = Debug|x86
		Release|Any CPU = Release|Any CPU
		Release|x64 = Release|x64
		Release|x86 = Release|x86
	EndGlobalSection
	GlobalSection(ProjectConfigurationPlatforms) = postSolution
		{4C4C74D4-00E2-43A4-9D7A-54352096DE32}.Debug|Any CPU.ActiveCfg = Debug|Any CPU
		{4C4C74D4-00E2-43A4-9D7A-54352096DE32}.Debug|Any CPU.Build.0 = Debug|Any CPU
		{4C4C74D4-00E2-43A4-9D7A-54352096DE32}.Debug|x64.ActiveCfg = Debug|Any CPU
		{4C4C74D4-00E2-43A4-9D7A-54352096DE32}.Debug|x64.Build.0 = Debug|Any CPU
		{4C4C74D4-00E2-43A4-9D7A-54352096DE32}.Debug|x86.ActiveCfg = Debug|Any CPU
		{4C4C74D4-00E2-43A4-9D7A-54352096DE32}.Debug|x86.Build.0 = Debug|Any CPU
		{4C4C74D4-00E2-43A4-9D7A-54352096DE32}.Release|Any CPU.ActiveCfg = Release|Any CPU
		{4C4C74D4-00E2-43A4-9D7A-54352096DE32}.Release|Any CPU.Build.0 = Release|Any CPU
		{4C4C74D4-00E2-43A4-9D7A-54352096DE32}.Release|x64.ActiveCfg = Release|Any CPU
		{4C4C74D4-00E2-43A4-9D7A-54352096DE32}.Release|x64.Build.0 = Release|Any CPU
		{4C4C74D4-00E2-43A4-9D7A-54352096DE32}.Release|x86.ActiveCfg = Release|Any CPU
		{4C4C74D4-00E2-43A4-9D7A-54352096DE32}.Release|x86.Build.0 = Release|Any CPU
		{9BE8BB63-8A73-4348-9387-F47377B9F1BF}.Debug|Any CPU.ActiveCfg = Debug|Any CPU
		{9BE8BB63-8A73-4348-9387-F47377B9F1BF}.Debug|Any CPU.Build.0 = Debug|Any CPU
		{9BE8BB63-8A73-4348-9387-F47377B9F1BF}.Debug|x64.ActiveCfg = Debug|Any CPU
		{9BE8BB63-8A73-4348-9387-F47377B9F1BF}.Debug|x64.Build.0 = Debug|Any CPU
		{9BE8BB63-8A73-4348-9387-F47377B9F1BF}.Debug|x86.ActiveCfg = Debug|Any CPU
		{9BE8BB63-8A73-4348-9387-F47377B9F1BF}.Debug|x86.Build.0 = Debug|Any CPU
		{9BE8BB63-8A73-4348-9387-F47377B9F1BF}.Release|Any CPU.ActiveCfg = Release|Any CPU
		{9BE8BB63-8A73-4348-9387-F47377B9F1BF}.Release|Any CPU.Build.0 = Release|Any CPU
		{9BE8BB63-8A73-4348-9387-F47377B9F1BF}.Release|x64.ActiveCfg = Release|Any CPU
		{9BE8BB63-8A73-4348-9387-F47377B9F1BF}.Release|x64.Build.0 = Release|Any CPU
		{9BE8BB63-8A73-4348-9387-F47377B9F1BF}.Release|x86.ActiveCfg = Release|Any CPU
		{9BE8BB63-8A73-4348-9387-F47377B9F1BF}.Release|x86.Build.0 = Release|Any CPU
		{DC025E65-67E8-47BD-B135-1B71C05EE35E}.Debug|Any CPU.ActiveCfg = Debug|Any CPU
		{DC025E65-67E8-47BD-B135-1B71C05EE35E}.Debug|Any CPU.Build.0 = Debug|Any CPU
		{DC025E65-67E8-47BD-B135-1B71C05EE35E}.Debug|x64.ActiveCfg = Debug|Any CPU
		{DC025E65-67E8-47BD-B135-1B71C05EE35E}.Debug|x64.Build.0 = Debug|Any CPU
		{DC025E65-67E8-47BD-B135-1B71C05EE35E}.Debug|x86.ActiveCfg = Debug|Any CPU
		{DC025E65-67E8-47BD-B135-1B71C05EE35E}.Debug|x86.Build.0 = Debug|Any CPU
		{DC025E65-67E8-47BD-B135-1B71C05EE35E}.Release|Any CPU.ActiveCfg = Release|Any CPU
		{DC025E65-67E8-47BD-B135-1B71C05EE35E}.Release|Any CPU.Build.0 = Release|Any CPU
		{DC025E65-67E8-47BD-B135-1B71C05EE35E}.Release|x64.ActiveCfg = Release|Any CPU
		{DC025E65-67E8-47BD-B135-1B71C05EE35E}.Release|x64.Build.0 = Release|Any CPU
		{DC025E65-67E8-47BD-B135-1B71C05EE35E}.Release|x86.ActiveCfg = Release|Any CPU
		{DC025E65-67E8-47BD-B135-1B71C05EE35E}.Release|x86.Build.0 = Release|Any CPU
		{76166842-A194-43B3-B5C0-4C78B845DABA}.Debug|Any CPU.ActiveCfg = Debug|Any CPU
		{76166842-A194-43B3-B5C0-4C78B845DABA}.Debug|Any CPU.Build.0 = Debug|Any CPU
		{76166842-A194-43B3-B5C0-4C78B845DABA}.Debug|x64.ActiveCfg = Debug|Any CPU
		{76166842-A194-43B3-B5C0-4C78B845DABA}.Debug|x64.Build.0 = Debug|Any CPU
		{76166842-A194-43B3-B5C0-4C78B845DABA}.Debug|x86.ActiveCfg = Debug|Any CPU
		{76166842-A194-43B3-B5C0-4C78B845DABA}.Debug|x86.Build.0 = Debug|Any CPU
		{76166842-A194-43B3-B5C0-4C78B845DABA}.Release|Any CPU.ActiveCfg = Release|Any CPU
		{76166842-A194-43B3-B5C0-4C78B845DABA}.Release|Any CPU.Build.0 = Release|Any CPU
		{76166842-A194-43B3-B5C0-4C78B845DABA}.Release|x64.ActiveCfg = Release|Any CPU
		{76166842-A194-43B3-B5C0-4C78B845DABA}.Release|x64.Build.0 = Release|Any CPU
		{76166842-A194-43B3-B5C0-4C78B845DABA}.Release|x86.ActiveCfg = Release|Any CPU
		{76166842-A194-43B3-B5C0-4C78B845DABA}.Release|x86.Build.0 = Release|Any CPU
		{9EB233B4-5821-49DC-959E-F7BBA3D6DEB0}.Debug|Any CPU.ActiveCfg = Debug|Any CPU
		{9EB233B4-5821-49DC-959E-F7BBA3D6DEB0}.Debug|Any CPU.Build.0 = Debug|Any CPU
		{9EB233B4-5821-49DC-959E-F7BBA3D6DEB0}.Debug|x64.ActiveCfg = Debug|Any CPU
		{9EB233B4-5821-49DC-959E-F7BBA3D6DEB0}.Debug|x64.Build.0 = Debug|Any CPU
		{9EB233B4-5821-49DC-959E-F7BBA3D6DEB0}.Debug|x86.ActiveCfg = Debug|Any CPU
		{9EB233B4-5821-49DC-959E-F7BBA3D6DEB0}.Debug|x86.Build.0 = Debug|Any CPU
		{9EB233B4-5821-49DC-959E-F7BBA3D6DEB0}.Release|Any CPU.ActiveCfg = Release|Any CPU
		{9EB233B4-5821-49DC-959E-F7BBA3D6DEB0}.Release|Any CPU.Build.0 = Release|Any CPU
		{9EB233B4-5821-49DC-959E-F7BBA3D6DEB0}.Release|x64.ActiveCfg = Release|Any CPU
		{9EB233B4-5821-49DC-959E-F7BBA3D6DEB0}.Release|x64.Build.0 = Release|Any CPU
		{9EB233B4-5821-49DC-959E-F7BBA3D6DEB0}.Release|x86.ActiveCfg = Release|Any CPU
		{9EB233B4-5821-49DC-959E-F7BBA3D6DEB0}.Release|x86.Build.0 = Release|Any CPU
		{7CACC13D-D87F-4AE3-9B07-6B94F1798AE8}.Debug|Any CPU.ActiveCfg = Debug|Any CPU
		{7CACC13D-D87F-4AE3-9B07-6B94F1798AE8}.Debug|Any CPU.Build.0 = Debug|Any CPU
		{7CACC13D-D87F-4AE3-9B07-6B94F1798AE8}.Debug|x64.ActiveCfg = Debug|Any CPU
		{7CACC13D-D87F-4AE3-9B07-6B94F1798AE8}.Debug|x64.Build.0 = Debug|Any CPU
		{7CACC13D-D87F-4AE3-9B07-6B94F1798AE8}.Debug|x86.ActiveCfg = Debug|Any CPU
		{7CACC13D-D87F-4AE3-9B07-6B94F1798AE8}.Debug|x86.Build.0 = Debug|Any CPU
		{7CACC13D-D87F-4AE3-9B07-6B94F1798AE8}.Release|Any CPU.ActiveCfg = Release|Any CPU
		{7CACC13D-D87F-4AE3-9B07-6B94F1798AE8}.Release|Any CPU.Build.0 = Release|Any CPU
		{7CACC13D-D87F-4AE3-9B07-6B94F1798AE8}.Release|x64.ActiveCfg = Release|Any CPU
		{7CACC13D-D87F-4AE3-9B07-6B94F1798AE8}.Release|x64.Build.0 = Release|Any CPU
		{7CACC13D-D87F-4AE3-9B07-6B94F1798AE8}.Release|x86.ActiveCfg = Release|Any CPU
		{7CACC13D-D87F-4AE3-9B07-6B94F1798AE8}.Release|x86.Build.0 = Release|Any CPU
		{6BF0A6C3-8982-4507-B704-C0878243B322}.Debug|Any CPU.ActiveCfg = Debug|Any CPU
		{6BF0A6C3-8982-4507-B704-C0878243B322}.Debug|Any CPU.Build.0 = Debug|Any CPU
		{6BF0A6C3-8982-4507-B704-C0878243B322}.Debug|x64.ActiveCfg = Debug|Any CPU
		{6BF0A6C3-8982-4507-B704-C0878243B322}.Debug|x64.Build.0 = Debug|Any CPU
		{6BF0A6C3-8982-4507-B704-C0878243B322}.Debug|x86.ActiveCfg = Debug|Any CPU
		{6BF0A6C3-8982-4507-B704-C0878243B322}.Debug|x86.Build.0 = Debug|Any CPU
		{6BF0A6C3-8982-4507-B704-C0878243B322}.Release|Any CPU.ActiveCfg = Release|Any CPU
		{6BF0A6C3-8982-4507-B704-C0878243B322}.Release|Any CPU.Build.0 = Release|Any CPU
		{6BF0A6C3-8982-4507-B704-C0878243B322}.Release|x64.ActiveCfg = Release|Any CPU
		{6BF0A6C3-8982-4507-B704-C0878243B322}.Release|x64.Build.0 = Release|Any CPU
		{6BF0A6C3-8982-4507-B704-C0878243B322}.Release|x86.ActiveCfg = Release|Any CPU
		{6BF0A6C3-8982-4507-B704-C0878243B322}.Release|x86.Build.0 = Release|Any CPU
		{22FE2361-9580-43BC-98A7-608CFCAE4E8F}.Debug|Any CPU.ActiveCfg = Debug|Any CPU
		{22FE2361-9580-43BC-98A7-608CFCAE4E8F}.Debug|Any CPU.Build.0 = Debug|Any CPU
		{22FE2361-9580-43BC-98A7-608CFCAE4E8F}.Debug|x64.ActiveCfg = Debug|Any CPU
		{22FE2361-9580-43BC-98A7-608CFCAE4E8F}.Debug|x64.Build.0 = Debug|Any CPU
		{22FE2361-9580-43BC-98A7-608CFCAE4E8F}.Debug|x86.ActiveCfg = Debug|Any CPU
		{22FE2361-9580-43BC-98A7-608CFCAE4E8F}.Debug|x86.Build.0 = Debug|Any CPU
		{22FE2361-9580-43BC-98A7-608CFCAE4E8F}.Release|Any CPU.ActiveCfg = Release|Any CPU
		{22FE2361-9580-43BC-98A7-608CFCAE4E8F}.Release|Any CPU.Build.0 = Release|Any CPU
		{22FE2361-9580-43BC-98A7-608CFCAE4E8F}.Release|x64.ActiveCfg = Release|Any CPU
		{22FE2361-9580-43BC-98A7-608CFCAE4E8F}.Release|x64.Build.0 = Release|Any CPU
		{22FE2361-9580-43BC-98A7-608CFCAE4E8F}.Release|x86.ActiveCfg = Release|Any CPU
		{22FE2361-9580-43BC-98A7-608CFCAE4E8F}.Release|x86.Build.0 = Release|Any CPU
		{ED4A03D3-DFC7-4760-9066-D01D4134627D}.Debug|Any CPU.ActiveCfg = Debug|Any CPU
		{ED4A03D3-DFC7-4760-9066-D01D4134627D}.Debug|Any CPU.Build.0 = Debug|Any CPU
		{ED4A03D3-DFC7-4760-9066-D01D4134627D}.Debug|x64.ActiveCfg = Debug|Any CPU
		{ED4A03D3-DFC7-4760-9066-D01D4134627D}.Debug|x64.Build.0 = Debug|Any CPU
		{ED4A03D3-DFC7-4760-9066-D01D4134627D}.Debug|x86.ActiveCfg = Debug|Any CPU
		{ED4A03D3-DFC7-4760-9066-D01D4134627D}.Debug|x86.Build.0 = Debug|Any CPU
		{ED4A03D3-DFC7-4760-9066-D01D4134627D}.Release|Any CPU.ActiveCfg = Release|Any CPU
		{ED4A03D3-DFC7-4760-9066-D01D4134627D}.Release|Any CPU.Build.0 = Release|Any CPU
		{ED4A03D3-DFC7-4760-9066-D01D4134627D}.Release|x64.ActiveCfg = Release|Any CPU
		{ED4A03D3-DFC7-4760-9066-D01D4134627D}.Release|x64.Build.0 = Release|Any CPU
		{ED4A03D3-DFC7-4760-9066-D01D4134627D}.Release|x86.ActiveCfg = Release|Any CPU
		{ED4A03D3-DFC7-4760-9066-D01D4134627D}.Release|x86.Build.0 = Release|Any CPU
		{C3D759CE-C105-4566-A125-FBD77CFC7A82}.Debug|Any CPU.ActiveCfg = Debug|Any CPU
		{C3D759CE-C105-4566-A125-FBD77CFC7A82}.Debug|Any CPU.Build.0 = Debug|Any CPU
		{C3D759CE-C105-4566-A125-FBD77CFC7A82}.Debug|x64.ActiveCfg = Debug|Any CPU
		{C3D759CE-C105-4566-A125-FBD77CFC7A82}.Debug|x64.Build.0 = Debug|Any CPU
		{C3D759CE-C105-4566-A125-FBD77CFC7A82}.Debug|x86.ActiveCfg = Debug|Any CPU
		{C3D759CE-C105-4566-A125-FBD77CFC7A82}.Debug|x86.Build.0 = Debug|Any CPU
		{C3D759CE-C105-4566-A125-FBD77CFC7A82}.Release|Any CPU.ActiveCfg = Release|Any CPU
		{C3D759CE-C105-4566-A125-FBD77CFC7A82}.Release|Any CPU.Build.0 = Release|Any CPU
		{C3D759CE-C105-4566-A125-FBD77CFC7A82}.Release|x64.ActiveCfg = Release|Any CPU
		{C3D759CE-C105-4566-A125-FBD77CFC7A82}.Release|x64.Build.0 = Release|Any CPU
		{C3D759CE-C105-4566-A125-FBD77CFC7A82}.Release|x86.ActiveCfg = Release|Any CPU
		{C3D759CE-C105-4566-A125-FBD77CFC7A82}.Release|x86.Build.0 = Release|Any CPU
		{9AB67CFB-6695-4769-8E21-9BA0A12BD67C}.Debug|Any CPU.ActiveCfg = Debug|Any CPU
		{9AB67CFB-6695-4769-8E21-9BA0A12BD67C}.Debug|Any CPU.Build.0 = Debug|Any CPU
		{9AB67CFB-6695-4769-8E21-9BA0A12BD67C}.Debug|x64.ActiveCfg = Debug|Any CPU
		{9AB67CFB-6695-4769-8E21-9BA0A12BD67C}.Debug|x64.Build.0 = Debug|Any CPU
		{9AB67CFB-6695-4769-8E21-9BA0A12BD67C}.Debug|x86.ActiveCfg = Debug|Any CPU
		{9AB67CFB-6695-4769-8E21-9BA0A12BD67C}.Debug|x86.Build.0 = Debug|Any CPU
		{9AB67CFB-6695-4769-8E21-9BA0A12BD67C}.Release|Any CPU.ActiveCfg = Release|Any CPU
		{9AB67CFB-6695-4769-8E21-9BA0A12BD67C}.Release|Any CPU.Build.0 = Release|Any CPU
		{9AB67CFB-6695-4769-8E21-9BA0A12BD67C}.Release|x64.ActiveCfg = Release|Any CPU
		{9AB67CFB-6695-4769-8E21-9BA0A12BD67C}.Release|x64.Build.0 = Release|Any CPU
		{9AB67CFB-6695-4769-8E21-9BA0A12BD67C}.Release|x86.ActiveCfg = Release|Any CPU
		{9AB67CFB-6695-4769-8E21-9BA0A12BD67C}.Release|x86.Build.0 = Release|Any CPU
		{F284CE2A-821F-4B04-8CE3-558DAC5F8674}.Debug|Any CPU.ActiveCfg = Debug|Any CPU
		{F284CE2A-821F-4B04-8CE3-558DAC5F8674}.Debug|Any CPU.Build.0 = Debug|Any CPU
		{F284CE2A-821F-4B04-8CE3-558DAC5F8674}.Debug|x64.ActiveCfg = Debug|Any CPU
		{F284CE2A-821F-4B04-8CE3-558DAC5F8674}.Debug|x64.Build.0 = Debug|Any CPU
		{F284CE2A-821F-4B04-8CE3-558DAC5F8674}.Debug|x86.ActiveCfg = Debug|Any CPU
		{F284CE2A-821F-4B04-8CE3-558DAC5F8674}.Debug|x86.Build.0 = Debug|Any CPU
		{F284CE2A-821F-4B04-8CE3-558DAC5F8674}.Release|Any CPU.ActiveCfg = Release|Any CPU
		{F284CE2A-821F-4B04-8CE3-558DAC5F8674}.Release|Any CPU.Build.0 = Release|Any CPU
		{F284CE2A-821F-4B04-8CE3-558DAC5F8674}.Release|x64.ActiveCfg = Release|Any CPU
		{F284CE2A-821F-4B04-8CE3-558DAC5F8674}.Release|x64.Build.0 = Release|Any CPU
		{F284CE2A-821F-4B04-8CE3-558DAC5F8674}.Release|x86.ActiveCfg = Release|Any CPU
		{F284CE2A-821F-4B04-8CE3-558DAC5F8674}.Release|x86.Build.0 = Release|Any CPU
		{4BB4B5FD-1EE1-4558-B126-E9E18BC45876}.Debug|Any CPU.ActiveCfg = Debug|Any CPU
		{4BB4B5FD-1EE1-4558-B126-E9E18BC45876}.Debug|Any CPU.Build.0 = Debug|Any CPU
		{4BB4B5FD-1EE1-4558-B126-E9E18BC45876}.Debug|x64.ActiveCfg = Debug|Any CPU
		{4BB4B5FD-1EE1-4558-B126-E9E18BC45876}.Debug|x64.Build.0 = Debug|Any CPU
		{4BB4B5FD-1EE1-4558-B126-E9E18BC45876}.Debug|x86.ActiveCfg = Debug|Any CPU
		{4BB4B5FD-1EE1-4558-B126-E9E18BC45876}.Debug|x86.Build.0 = Debug|Any CPU
		{4BB4B5FD-1EE1-4558-B126-E9E18BC45876}.Release|Any CPU.ActiveCfg = Release|Any CPU
		{4BB4B5FD-1EE1-4558-B126-E9E18BC45876}.Release|Any CPU.Build.0 = Release|Any CPU
		{4BB4B5FD-1EE1-4558-B126-E9E18BC45876}.Release|x64.ActiveCfg = Release|Any CPU
		{4BB4B5FD-1EE1-4558-B126-E9E18BC45876}.Release|x64.Build.0 = Release|Any CPU
		{4BB4B5FD-1EE1-4558-B126-E9E18BC45876}.Release|x86.ActiveCfg = Release|Any CPU
		{4BB4B5FD-1EE1-4558-B126-E9E18BC45876}.Release|x86.Build.0 = Release|Any CPU
		{732D6882-40DF-41CB-8A18-ED43D4757177}.Debug|Any CPU.ActiveCfg = Debug|Any CPU
		{732D6882-40DF-41CB-8A18-ED43D4757177}.Debug|Any CPU.Build.0 = Debug|Any CPU
		{732D6882-40DF-41CB-8A18-ED43D4757177}.Debug|x64.ActiveCfg = Debug|Any CPU
		{732D6882-40DF-41CB-8A18-ED43D4757177}.Debug|x64.Build.0 = Debug|Any CPU
		{732D6882-40DF-41CB-8A18-ED43D4757177}.Debug|x86.ActiveCfg = Debug|Any CPU
		{732D6882-40DF-41CB-8A18-ED43D4757177}.Debug|x86.Build.0 = Debug|Any CPU
		{732D6882-40DF-41CB-8A18-ED43D4757177}.Release|Any CPU.ActiveCfg = Release|Any CPU
		{732D6882-40DF-41CB-8A18-ED43D4757177}.Release|Any CPU.Build.0 = Release|Any CPU
		{732D6882-40DF-41CB-8A18-ED43D4757177}.Release|x64.ActiveCfg = Release|Any CPU
		{732D6882-40DF-41CB-8A18-ED43D4757177}.Release|x64.Build.0 = Release|Any CPU
		{732D6882-40DF-41CB-8A18-ED43D4757177}.Release|x86.ActiveCfg = Release|Any CPU
		{732D6882-40DF-41CB-8A18-ED43D4757177}.Release|x86.Build.0 = Release|Any CPU
		{620C13EC-D9B8-4F49-B536-5DD7E08B3984}.Debug|Any CPU.ActiveCfg = Debug|Any CPU
		{620C13EC-D9B8-4F49-B536-5DD7E08B3984}.Debug|Any CPU.Build.0 = Debug|Any CPU
		{620C13EC-D9B8-4F49-B536-5DD7E08B3984}.Debug|x64.ActiveCfg = Debug|Any CPU
		{620C13EC-D9B8-4F49-B536-5DD7E08B3984}.Debug|x64.Build.0 = Debug|Any CPU
		{620C13EC-D9B8-4F49-B536-5DD7E08B3984}.Debug|x86.ActiveCfg = Debug|Any CPU
		{620C13EC-D9B8-4F49-B536-5DD7E08B3984}.Debug|x86.Build.0 = Debug|Any CPU
		{620C13EC-D9B8-4F49-B536-5DD7E08B3984}.Release|Any CPU.ActiveCfg = Release|Any CPU
		{620C13EC-D9B8-4F49-B536-5DD7E08B3984}.Release|Any CPU.Build.0 = Release|Any CPU
		{620C13EC-D9B8-4F49-B536-5DD7E08B3984}.Release|x64.ActiveCfg = Release|Any CPU
		{620C13EC-D9B8-4F49-B536-5DD7E08B3984}.Release|x64.Build.0 = Release|Any CPU
		{620C13EC-D9B8-4F49-B536-5DD7E08B3984}.Release|x86.ActiveCfg = Release|Any CPU
		{620C13EC-D9B8-4F49-B536-5DD7E08B3984}.Release|x86.Build.0 = Release|Any CPU
		{BA6474C1-E64B-4522-8D8B-A7AE10D2ED86}.Debug|Any CPU.ActiveCfg = Debug|Any CPU
		{BA6474C1-E64B-4522-8D8B-A7AE10D2ED86}.Debug|Any CPU.Build.0 = Debug|Any CPU
		{BA6474C1-E64B-4522-8D8B-A7AE10D2ED86}.Debug|x64.ActiveCfg = Debug|Any CPU
		{BA6474C1-E64B-4522-8D8B-A7AE10D2ED86}.Debug|x64.Build.0 = Debug|Any CPU
		{BA6474C1-E64B-4522-8D8B-A7AE10D2ED86}.Debug|x86.ActiveCfg = Debug|Any CPU
		{BA6474C1-E64B-4522-8D8B-A7AE10D2ED86}.Debug|x86.Build.0 = Debug|Any CPU
		{BA6474C1-E64B-4522-8D8B-A7AE10D2ED86}.Release|Any CPU.ActiveCfg = Release|Any CPU
		{BA6474C1-E64B-4522-8D8B-A7AE10D2ED86}.Release|Any CPU.Build.0 = Release|Any CPU
		{BA6474C1-E64B-4522-8D8B-A7AE10D2ED86}.Release|x64.ActiveCfg = Release|Any CPU
		{BA6474C1-E64B-4522-8D8B-A7AE10D2ED86}.Release|x64.Build.0 = Release|Any CPU
		{BA6474C1-E64B-4522-8D8B-A7AE10D2ED86}.Release|x86.ActiveCfg = Release|Any CPU
		{BA6474C1-E64B-4522-8D8B-A7AE10D2ED86}.Release|x86.Build.0 = Release|Any CPU
		{22C91DB4-51CD-4339-B904-E5FE38B271CD}.Debug|Any CPU.ActiveCfg = Debug|Any CPU
		{22C91DB4-51CD-4339-B904-E5FE38B271CD}.Debug|Any CPU.Build.0 = Debug|Any CPU
		{22C91DB4-51CD-4339-B904-E5FE38B271CD}.Debug|x64.ActiveCfg = Debug|Any CPU
		{22C91DB4-51CD-4339-B904-E5FE38B271CD}.Debug|x64.Build.0 = Debug|Any CPU
		{22C91DB4-51CD-4339-B904-E5FE38B271CD}.Debug|x86.ActiveCfg = Debug|Any CPU
		{22C91DB4-51CD-4339-B904-E5FE38B271CD}.Debug|x86.Build.0 = Debug|Any CPU
		{22C91DB4-51CD-4339-B904-E5FE38B271CD}.Release|Any CPU.ActiveCfg = Release|Any CPU
		{22C91DB4-51CD-4339-B904-E5FE38B271CD}.Release|Any CPU.Build.0 = Release|Any CPU
		{22C91DB4-51CD-4339-B904-E5FE38B271CD}.Release|x64.ActiveCfg = Release|Any CPU
		{22C91DB4-51CD-4339-B904-E5FE38B271CD}.Release|x64.Build.0 = Release|Any CPU
		{22C91DB4-51CD-4339-B904-E5FE38B271CD}.Release|x86.ActiveCfg = Release|Any CPU
		{22C91DB4-51CD-4339-B904-E5FE38B271CD}.Release|x86.Build.0 = Release|Any CPU
		{6894C148-5379-4D63-AC21-D67BD04AA064}.Debug|Any CPU.ActiveCfg = Debug|Any CPU
		{6894C148-5379-4D63-AC21-D67BD04AA064}.Debug|Any CPU.Build.0 = Debug|Any CPU
		{6894C148-5379-4D63-AC21-D67BD04AA064}.Debug|x64.ActiveCfg = Debug|Any CPU
		{6894C148-5379-4D63-AC21-D67BD04AA064}.Debug|x64.Build.0 = Debug|Any CPU
		{6894C148-5379-4D63-AC21-D67BD04AA064}.Debug|x86.ActiveCfg = Debug|Any CPU
		{6894C148-5379-4D63-AC21-D67BD04AA064}.Debug|x86.Build.0 = Debug|Any CPU
		{6894C148-5379-4D63-AC21-D67BD04AA064}.Release|Any CPU.ActiveCfg = Release|Any CPU
		{6894C148-5379-4D63-AC21-D67BD04AA064}.Release|Any CPU.Build.0 = Release|Any CPU
		{6894C148-5379-4D63-AC21-D67BD04AA064}.Release|x64.ActiveCfg = Release|Any CPU
		{6894C148-5379-4D63-AC21-D67BD04AA064}.Release|x64.Build.0 = Release|Any CPU
		{6894C148-5379-4D63-AC21-D67BD04AA064}.Release|x86.ActiveCfg = Release|Any CPU
		{6894C148-5379-4D63-AC21-D67BD04AA064}.Release|x86.Build.0 = Release|Any CPU
		{2785E385-0940-4023-9868-8CDD25998176}.Debug|Any CPU.ActiveCfg = Debug|Any CPU
		{2785E385-0940-4023-9868-8CDD25998176}.Debug|Any CPU.Build.0 = Debug|Any CPU
		{2785E385-0940-4023-9868-8CDD25998176}.Debug|x64.ActiveCfg = Debug|Any CPU
		{2785E385-0940-4023-9868-8CDD25998176}.Debug|x64.Build.0 = Debug|Any CPU
		{2785E385-0940-4023-9868-8CDD25998176}.Debug|x86.ActiveCfg = Debug|Any CPU
		{2785E385-0940-4023-9868-8CDD25998176}.Debug|x86.Build.0 = Debug|Any CPU
		{2785E385-0940-4023-9868-8CDD25998176}.Release|Any CPU.ActiveCfg = Release|Any CPU
		{2785E385-0940-4023-9868-8CDD25998176}.Release|Any CPU.Build.0 = Release|Any CPU
		{2785E385-0940-4023-9868-8CDD25998176}.Release|x64.ActiveCfg = Release|Any CPU
		{2785E385-0940-4023-9868-8CDD25998176}.Release|x64.Build.0 = Release|Any CPU
		{2785E385-0940-4023-9868-8CDD25998176}.Release|x86.ActiveCfg = Release|Any CPU
		{2785E385-0940-4023-9868-8CDD25998176}.Release|x86.Build.0 = Release|Any CPU
		{8D69BA6B-D165-45C1-B144-F187B72850B9}.Debug|Any CPU.ActiveCfg = Debug|Any CPU
		{8D69BA6B-D165-45C1-B144-F187B72850B9}.Debug|Any CPU.Build.0 = Debug|Any CPU
		{8D69BA6B-D165-45C1-B144-F187B72850B9}.Debug|x64.ActiveCfg = Debug|Any CPU
		{8D69BA6B-D165-45C1-B144-F187B72850B9}.Debug|x64.Build.0 = Debug|Any CPU
		{8D69BA6B-D165-45C1-B144-F187B72850B9}.Debug|x86.ActiveCfg = Debug|Any CPU
		{8D69BA6B-D165-45C1-B144-F187B72850B9}.Debug|x86.Build.0 = Debug|Any CPU
		{8D69BA6B-D165-45C1-B144-F187B72850B9}.Release|Any CPU.ActiveCfg = Release|Any CPU
		{8D69BA6B-D165-45C1-B144-F187B72850B9}.Release|Any CPU.Build.0 = Release|Any CPU
		{8D69BA6B-D165-45C1-B144-F187B72850B9}.Release|x64.ActiveCfg = Release|Any CPU
		{8D69BA6B-D165-45C1-B144-F187B72850B9}.Release|x64.Build.0 = Release|Any CPU
		{8D69BA6B-D165-45C1-B144-F187B72850B9}.Release|x86.ActiveCfg = Release|Any CPU
		{8D69BA6B-D165-45C1-B144-F187B72850B9}.Release|x86.Build.0 = Release|Any CPU
		{9F61F451-EC4F-4D1A-B339-CEDD5FA4257C}.Debug|Any CPU.ActiveCfg = Debug|Any CPU
		{9F61F451-EC4F-4D1A-B339-CEDD5FA4257C}.Debug|Any CPU.Build.0 = Debug|Any CPU
		{9F61F451-EC4F-4D1A-B339-CEDD5FA4257C}.Debug|x64.ActiveCfg = Debug|Any CPU
		{9F61F451-EC4F-4D1A-B339-CEDD5FA4257C}.Debug|x64.Build.0 = Debug|Any CPU
		{9F61F451-EC4F-4D1A-B339-CEDD5FA4257C}.Debug|x86.ActiveCfg = Debug|Any CPU
		{9F61F451-EC4F-4D1A-B339-CEDD5FA4257C}.Debug|x86.Build.0 = Debug|Any CPU
		{9F61F451-EC4F-4D1A-B339-CEDD5FA4257C}.Release|Any CPU.ActiveCfg = Release|Any CPU
		{9F61F451-EC4F-4D1A-B339-CEDD5FA4257C}.Release|Any CPU.Build.0 = Release|Any CPU
		{9F61F451-EC4F-4D1A-B339-CEDD5FA4257C}.Release|x64.ActiveCfg = Release|Any CPU
		{9F61F451-EC4F-4D1A-B339-CEDD5FA4257C}.Release|x64.Build.0 = Release|Any CPU
		{9F61F451-EC4F-4D1A-B339-CEDD5FA4257C}.Release|x86.ActiveCfg = Release|Any CPU
		{9F61F451-EC4F-4D1A-B339-CEDD5FA4257C}.Release|x86.Build.0 = Release|Any CPU
		{46C393D2-BFAB-473A-AF06-E5FB586493FD}.Debug|Any CPU.ActiveCfg = Debug|Any CPU
		{46C393D2-BFAB-473A-AF06-E5FB586493FD}.Debug|Any CPU.Build.0 = Debug|Any CPU
		{46C393D2-BFAB-473A-AF06-E5FB586493FD}.Debug|x64.ActiveCfg = Debug|Any CPU
		{46C393D2-BFAB-473A-AF06-E5FB586493FD}.Debug|x64.Build.0 = Debug|Any CPU
		{46C393D2-BFAB-473A-AF06-E5FB586493FD}.Debug|x86.ActiveCfg = Debug|Any CPU
		{46C393D2-BFAB-473A-AF06-E5FB586493FD}.Debug|x86.Build.0 = Debug|Any CPU
		{46C393D2-BFAB-473A-AF06-E5FB586493FD}.Release|Any CPU.ActiveCfg = Release|Any CPU
		{46C393D2-BFAB-473A-AF06-E5FB586493FD}.Release|Any CPU.Build.0 = Release|Any CPU
		{46C393D2-BFAB-473A-AF06-E5FB586493FD}.Release|x64.ActiveCfg = Release|Any CPU
		{46C393D2-BFAB-473A-AF06-E5FB586493FD}.Release|x64.Build.0 = Release|Any CPU
		{46C393D2-BFAB-473A-AF06-E5FB586493FD}.Release|x86.ActiveCfg = Release|Any CPU
		{46C393D2-BFAB-473A-AF06-E5FB586493FD}.Release|x86.Build.0 = Release|Any CPU
		{6DBE9C11-7C0D-4039-B8B1-01AC743D5309}.Debug|Any CPU.ActiveCfg = Debug|Any CPU
		{6DBE9C11-7C0D-4039-B8B1-01AC743D5309}.Debug|Any CPU.Build.0 = Debug|Any CPU
		{6DBE9C11-7C0D-4039-B8B1-01AC743D5309}.Debug|x64.ActiveCfg = Debug|Any CPU
		{6DBE9C11-7C0D-4039-B8B1-01AC743D5309}.Debug|x64.Build.0 = Debug|Any CPU
		{6DBE9C11-7C0D-4039-B8B1-01AC743D5309}.Debug|x86.ActiveCfg = Debug|Any CPU
		{6DBE9C11-7C0D-4039-B8B1-01AC743D5309}.Debug|x86.Build.0 = Debug|Any CPU
		{6DBE9C11-7C0D-4039-B8B1-01AC743D5309}.Release|Any CPU.ActiveCfg = Release|Any CPU
		{6DBE9C11-7C0D-4039-B8B1-01AC743D5309}.Release|Any CPU.Build.0 = Release|Any CPU
		{6DBE9C11-7C0D-4039-B8B1-01AC743D5309}.Release|x64.ActiveCfg = Release|Any CPU
		{6DBE9C11-7C0D-4039-B8B1-01AC743D5309}.Release|x64.Build.0 = Release|Any CPU
		{6DBE9C11-7C0D-4039-B8B1-01AC743D5309}.Release|x86.ActiveCfg = Release|Any CPU
		{6DBE9C11-7C0D-4039-B8B1-01AC743D5309}.Release|x86.Build.0 = Release|Any CPU
		{726AEDB2-0B0D-45B8-A744-BFFEE36A187E}.Debug|Any CPU.ActiveCfg = Debug|Any CPU
		{726AEDB2-0B0D-45B8-A744-BFFEE36A187E}.Debug|Any CPU.Build.0 = Debug|Any CPU
		{726AEDB2-0B0D-45B8-A744-BFFEE36A187E}.Debug|x64.ActiveCfg = Debug|Any CPU
		{726AEDB2-0B0D-45B8-A744-BFFEE36A187E}.Debug|x64.Build.0 = Debug|Any CPU
		{726AEDB2-0B0D-45B8-A744-BFFEE36A187E}.Debug|x86.ActiveCfg = Debug|Any CPU
		{726AEDB2-0B0D-45B8-A744-BFFEE36A187E}.Debug|x86.Build.0 = Debug|Any CPU
		{726AEDB2-0B0D-45B8-A744-BFFEE36A187E}.Release|Any CPU.ActiveCfg = Release|Any CPU
		{726AEDB2-0B0D-45B8-A744-BFFEE36A187E}.Release|Any CPU.Build.0 = Release|Any CPU
		{726AEDB2-0B0D-45B8-A744-BFFEE36A187E}.Release|x64.ActiveCfg = Release|Any CPU
		{726AEDB2-0B0D-45B8-A744-BFFEE36A187E}.Release|x64.Build.0 = Release|Any CPU
		{726AEDB2-0B0D-45B8-A744-BFFEE36A187E}.Release|x86.ActiveCfg = Release|Any CPU
		{726AEDB2-0B0D-45B8-A744-BFFEE36A187E}.Release|x86.Build.0 = Release|Any CPU
		{3B634E19-5522-4907-8EE4-3FB017A4FC86}.Debug|Any CPU.ActiveCfg = Debug|Any CPU
		{3B634E19-5522-4907-8EE4-3FB017A4FC86}.Debug|Any CPU.Build.0 = Debug|Any CPU
		{3B634E19-5522-4907-8EE4-3FB017A4FC86}.Debug|x64.ActiveCfg = Debug|Any CPU
		{3B634E19-5522-4907-8EE4-3FB017A4FC86}.Debug|x64.Build.0 = Debug|Any CPU
		{3B634E19-5522-4907-8EE4-3FB017A4FC86E}.Debug|x86.ActiveCfg = Debug|Any CPU
		{3B634E19-5522-4907-8EE4-3FB017A4FC86}.Debug|x86.Build.0 = Debug|Any CPU
		{3B634E19-5522-4907-8EE4-3FB017A4FC86}.Release|Any CPU.ActiveCfg = Release|Any CPU
		{3B634E19-5522-4907-8EE4-3FB017A4FC86}.Release|Any CPU.Build.0 = Release|Any CPU
		{3B634E19-5522-4907-8EE4-3FB017A4FC86}.Release|x64.ActiveCfg = Release|Any CPU
		{3B634E19-5522-4907-8EE4-3FB017A4FC86}.Release|x64.Build.0 = Release|Any CPU
		{3B634E19-5522-4907-8EE4-3FB017A4FC86}.Release|x86.ActiveCfg = Release|Any CPU
		{3B634E19-5522-4907-8EE4-3FB017A4FC86}.Release|x86.Build.0 = Release|Any CPU
		{3A5D9DAC-A654-4542-8114-1D5B2F153D69}.Debug|Any CPU.ActiveCfg = Debug|Any CPU
		{3A5D9DAC-A654-4542-8114-1D5B2F153D69}.Debug|Any CPU.Build.0 = Debug|Any CPU
		{3A5D9DAC-A654-4542-8114-1D5B2F153D69}.Debug|x64.ActiveCfg = Debug|Any CPU
		{3A5D9DAC-A654-4542-8114-1D5B2F153D69}.Debug|x64.Build.0 = Debug|Any CPU
		{3A5D9DAC-A654-4542-8114-1D5B2F153D69}.Debug|x86.ActiveCfg = Debug|Any CPU
		{3A5D9DAC-A654-4542-8114-1D5B2F153D69}.Debug|x86.Build.0 = Debug|Any CPU
		{3A5D9DAC-A654-4542-8114-1D5B2F153D69}.Release|Any CPU.ActiveCfg = Release|Any CPU
		{3A5D9DAC-A654-4542-8114-1D5B2F153D69}.Release|Any CPU.Build.0 = Release|Any CPU
		{3A5D9DAC-A654-4542-8114-1D5B2F153D69}.Release|x64.ActiveCfg = Release|Any CPU
		{3A5D9DAC-A654-4542-8114-1D5B2F153D69}.Release|x64.Build.0 = Release|Any CPU
		{3A5D9DAC-A654-4542-8114-1D5B2F153D69}.Release|x86.ActiveCfg = Release|Any CPU
		{3A5D9DAC-A654-4542-8114-1D5B2F153D69}.Release|x86.Build.0 = Release|Any CPU
		{C68E3329-A2E4-4B33-BADE-0521B8E832AD}.Debug|Any CPU.ActiveCfg = Debug|Any CPU
		{C68E3329-A2E4-4B33-BADE-0521B8E832AD}.Debug|Any CPU.Build.0 = Debug|Any CPU
		{C68E3329-A2E4-4B33-BADE-0521B8E832AD}.Debug|x64.ActiveCfg = Debug|Any CPU
		{C68E3329-A2E4-4B33-BADE-0521B8E832AD}.Debug|x64.Build.0 = Debug|Any CPU
		{C68E3329-A2E4-4B33-BADE-0521B8E832AD}.Debug|x86.ActiveCfg = Debug|Any CPU
		{C68E3329-A2E4-4B33-BADE-0521B8E832AD}.Debug|x86.Build.0 = Debug|Any CPU
		{C68E3329-A2E4-4B33-BADE-0521B8E832AD}.Release|Any CPU.ActiveCfg = Release|Any CPU
		{C68E3329-A2E4-4B33-BADE-0521B8E832AD}.Release|Any CPU.Build.0 = Release|Any CPU
		{C68E3329-A2E4-4B33-BADE-0521B8E832AD}.Release|x64.ActiveCfg = Release|Any CPU
		{C68E3329-A2E4-4B33-BADE-0521B8E832AD}.Release|x64.Build.0 = Release|Any CPU
		{C68E3329-A2E4-4B33-BADE-0521B8E832AD}.Release|x86.ActiveCfg = Release|Any CPU
		{C68E3329-A2E4-4B33-BADE-0521B8E832AD}.Release|x86.Build.0 = Release|Any CPU
	EndGlobalSection
	GlobalSection(SolutionProperties) = preSolution
		HideSolutionNode = FALSE
	EndGlobalSection
	GlobalSection(ExtensibilityGlobals) = postSolution
		SolutionGuid = {AEE42B5B-C949-4C77-AADA-3FEFFBE20896}
	EndGlobalSection
EndGlobal
