
Microsoft Visual Studio Solution File, Format Version 12.00
# Visual Studio 2010
Project("{FAE04EC0-301F-11D3-BF4B-00C04F79EFBC}") = "io", "io\io.csproj", "{CEE5E7E1-1BF0-4BE1-9941-903262CE2F83}"
EndProject
Project("{FAE04EC0-301F-11D3-BF4B-00C04F79EFBC}") = "kernel", "kernel\kernel.csproj", "{89CA1A81-2179-424D-88B3-C2EDC9453364}"
EndProject
Project("{FAE04EC0-301F-11D3-BF4B-00C04F79EFBC}") = "layout", "layout\layout.csproj", "{42173642-DB52-44D3-9883-3E34C65C53BC}"
EndProject
Project("{FAE04EC0-301F-11D3-BF4B-00C04F79EFBC}") = "barcodes", "barcodes\barcodes.csproj", "{DCAE8241-E391-418D-BA36-C7C064D7C413}"
EndProject
Global
	GlobalSection(SolutionConfigurationPlatforms) = preSolution
		Debug|Any CPU = Debug|Any CPU
		Release|Any CPU = Release|Any CPU
	EndGlobalSection
	GlobalSection(ProjectConfigurationPlatforms) = postSolution
		{CEE5E7E1-1BF0-4BE1-9941-903262CE2F83}.Debug|Any CPU.ActiveCfg = Debug|Any CPU
		{CEE5E7E1-1BF0-4BE1-9941-903262CE2F83}.Debug|Any CPU.Build.0 = Debug|Any CPU
		{CEE5E7E1-1BF0-4BE1-9941-903262CE2F83}.Release|Any CPU.ActiveCfg = Release|Any CPU
		{CEE5E7E1-1BF0-4BE1-9941-903262CE2F83}.Release|Any CPU.Build.0 = Release|Any CPU
		{89CA1A81-2179-424D-88B3-C2EDC9453364}.Debug|Any CPU.ActiveCfg = Debug|Any CPU
		{89CA1A81-2179-424D-88B3-C2EDC9453364}.Debug|Any CPU.Build.0 = Debug|Any CPU
		{89CA1A81-2179-424D-88B3-C2EDC9453364}.Release|Any CPU.ActiveCfg = Release|Any CPU
		{89CA1A81-2179-424D-88B3-C2EDC9453364}.Release|Any CPU.Build.0 = Release|Any CPU
	EndGlobalSection
	GlobalSection(SolutionProperties) = preSolution
		HideSolutionNode = FALSE
	EndGlobalSection
EndGlobal
