
Microsoft Visual Studio Solution File, Format Version 12.00
# Visual Studio 14
VisualStudioVersion = 14.0.25420.1
MinimumVisualStudioVersion = 10.0.40219.1
Project("{FAE04EC0-301F-11D3-BF4B-00C04F79EFBC}") = "itext.svg", "itext.svg.csproj", "{DDEC35D2-5781-471D-5EA1-A6E433EDDB11}"
EndProject
Project("{FAE04EC0-301F-11D3-BF4B-00C04F79EFBC}") = "itext.svg.tests", "..\..\itext.tests\itext.svg.tests\itext.svg.tests.csproj", "{EA3251AA-1452-3815-1A43-0041AEDEA112}"
EndProject
Global
	GlobalSection(SolutionConfigurationPlatforms) = preSolution
		Debug|Any CPU = Debug|Any CPU
		Release|Any CPU = Release|Any CPU
	EndGlobalSection
	GlobalSection(ProjectConfigurationPlatforms) = postSolution
		{DDEC35D2-5781-471D-5EA1-A6E433EDDB11}.Debug|Any CPU.ActiveCfg = Debug|Any CPU
		{DDEC35D2-5781-471D-5EA1-A6E433EDDB11}.Debug|Any CPU.Build.0 = Debug|Any CPU
		{DDEC35D2-5781-471D-5EA1-A6E433EDDB11}.Release|Any CPU.ActiveCfg = Release|Any CPU
		{DDEC35D2-5781-471D-5EA1-A6E433EDDB11}.Release|Any CPU.Build.0 = Release|Any CPU
		{EA3251AA-1452-3815-1A43-0041AEDEA112}.Debug|Any CPU.ActiveCfg = Debug|Any CPU
		{EA3251AA-1452-3815-1A43-0041AEDEA112}.Debug|Any CPU.Build.0 = Debug|Any CPU
		{EA3251AA-1452-3815-1A43-0041AEDEA112}.Release|Any CPU.ActiveCfg = Release|Any CPU
		{EA3251AA-1452-3815-1A43-0041AEDEA112}.Release|Any CPU.Build.0 = Release|Any CPU
	EndGlobalSection
	GlobalSection(SolutionProperties) = preSolution
		HideSolutionNode = FALSE
	EndGlobalSection
EndGlobal
